
Microsoft Visual Studio Solution File, Format Version 12.00
# Visual Studio Version 17
VisualStudioVersion = 17.6.33829.357
MinimumVisualStudioVersion = 10.0.40219.1
Project("{9A19103F-16F7-4668-BE54-9A1E7A4F7556}") = "iTin.Logging", "src\iTin.Logging.csproj", "{1B590066-1459-4B3C-871A-0F8177191DDD}"
EndProject
Global
	GlobalSection(SolutionConfigurationPlatforms) = preSolution
		Debug|Any CPU = Debug|Any CPU
		Release|Any CPU = Release|Any CPU
	EndGlobalSection
	GlobalSection(ProjectConfigurationPlatforms) = postSolution
		{1B590066-1459-4B3C-871A-0F8177191DDD}.Debug|Any CPU.ActiveCfg = Debug|Any CPU
		{1B590066-1459-4B3C-871A-0F8177191DDD}.Debug|Any CPU.Build.0 = Debug|Any CPU
		{1B590066-1459-4B3C-871A-0F8177191DDD}.Release|Any CPU.ActiveCfg = Release|Any CPU
		{1B590066-1459-4B3C-871A-0F8177191DDD}.Release|Any CPU.Build.0 = Release|Any CPU
	EndGlobalSection
	GlobalSection(SolutionProperties) = preSolution
		HideSolutionNode = FALSE
	EndGlobalSection
	GlobalSection(ExtensibilityGlobals) = postSolution
		SolutionGuid = {98742FC0-CFC6-4E9E-95F2-F5A395B71216}
	EndGlobalSection
EndGlobal
