
Microsoft Visual Studio Solution File, Format Version 12.00
# Visual Studio Version 17
VisualStudioVersion = 17.6.33829.357
MinimumVisualStudioVersion = 10.0.40219.1
Project("{9A19103F-16F7-4668-BE54-9A1E7A4F7556}") = "iTin.Logging", "iTin.Logging.csproj", "{D02C416A-A7E6-4C21-B6A4-1C5C009D1BCC}"
EndProject
Global
	GlobalSection(SolutionConfigurationPlatforms) = preSolution
		Debug|Any CPU = Debug|Any CPU
		Release|Any CPU = Release|Any CPU
	EndGlobalSection
	GlobalSection(ProjectConfigurationPlatforms) = postSolution
		{D02C416A-A7E6-4C21-B6A4-1C5C009D1BCC}.Debug|Any CPU.ActiveCfg = Debug|Any CPU
		{D02C416A-A7E6-4C21-B6A4-1C5C009D1BCC}.Debug|Any CPU.Build.0 = Debug|Any CPU
		{D02C416A-A7E6-4C21-B6A4-1C5C009D1BCC}.Release|Any CPU.ActiveCfg = Release|Any CPU
		{D02C416A-A7E6-4C21-B6A4-1C5C009D1BCC}.Release|Any CPU.Build.0 = Release|Any CPU
	EndGlobalSection
	GlobalSection(SolutionProperties) = preSolution
		HideSolutionNode = FALSE
	EndGlobalSection
	GlobalSection(ExtensibilityGlobals) = postSolution
		SolutionGuid = {98742FC0-CFC6-4E9E-95F2-F5A395B71216}
	EndGlobalSection
EndGlobal
